
Microsoft Visual Studio Solution File, Format Version 12.00
# Visual Studio Version 17
VisualStudioVersion = 17.6.33829.357
MinimumVisualStudioVersion = 10.0.40219.1
Project("{9A19103F-16F7-4668-BE54-9A1E7A4F7556}") = "StackExchangeQueryTracker", "StackExchangeQueryTracker\StackExchangeQueryTracker.csproj", "{8973B71A-5B0B-4DB5-9287-2AF71911382D}"
EndProject
Project("{9A19103F-16F7-4668-BE54-9A1E7A4F7556}") = "SearchStatisticsDB", "SearchStatisticsDB\SearchStatisticsDB.csproj", "{C87BAC31-5D05-401C-96AB-157FDF75657C}"
EndProject
Project("{9A19103F-16F7-4668-BE54-9A1E7A4F7556}") = "StackExchangeAPI", "StackExchangeAPI\StackExchangeAPI.csproj", "{C03A3A79-DC8E-466F-BB60-E321932A84D8}"
EndProject
Global
	GlobalSection(SolutionConfigurationPlatforms) = preSolution
		Debug|Any CPU = Debug|Any CPU
		Release|Any CPU = Release|Any CPU
	EndGlobalSection
	GlobalSection(ProjectConfigurationPlatforms) = postSolution
		{8973B71A-5B0B-4DB5-9287-2AF71911382D}.Debug|Any CPU.ActiveCfg = Debug|Any CPU
		{8973B71A-5B0B-4DB5-9287-2AF71911382D}.Debug|Any CPU.Build.0 = Debug|Any CPU
		{8973B71A-5B0B-4DB5-9287-2AF71911382D}.Release|Any CPU.ActiveCfg = Release|Any CPU
		{8973B71A-5B0B-4DB5-9287-2AF71911382D}.Release|Any CPU.Build.0 = Release|Any CPU
		{C87BAC31-5D05-401C-96AB-157FDF75657C}.Debug|Any CPU.ActiveCfg = Debug|Any CPU
		{C87BAC31-5D05-401C-96AB-157FDF75657C}.Debug|Any CPU.Build.0 = Debug|Any CPU
		{C87BAC31-5D05-401C-96AB-157FDF75657C}.Release|Any CPU.ActiveCfg = Release|Any CPU
		{C87BAC31-5D05-401C-96AB-157FDF75657C}.Release|Any CPU.Build.0 = Release|Any CPU
		{C03A3A79-DC8E-466F-BB60-E321932A84D8}.Debug|Any CPU.ActiveCfg = Debug|Any CPU
		{C03A3A79-DC8E-466F-BB60-E321932A84D8}.Debug|Any CPU.Build.0 = Debug|Any CPU
		{C03A3A79-DC8E-466F-BB60-E321932A84D8}.Release|Any CPU.ActiveCfg = Release|Any CPU
		{C03A3A79-DC8E-466F-BB60-E321932A84D8}.Release|Any CPU.Build.0 = Release|Any CPU
	EndGlobalSection
	GlobalSection(SolutionProperties) = preSolution
		HideSolutionNode = FALSE
	EndGlobalSection
	GlobalSection(ExtensibilityGlobals) = postSolution
		SolutionGuid = {FAC88D3F-7F8A-497E-91B1-C10D60F8DD11}
	EndGlobalSection
EndGlobal
